
Microsoft Visual Studio Solution File, Format Version 12.00
# Visual Studio Version 17
VisualStudioVersion = 17.14.36518.9
MinimumVisualStudioVersion = 10.0.40219.1
Project("{2150E333-8FDC-42A3-9474-1A3956D46DE8}") = "Solution Items", "Solution Items", "{02EA681E-C7D8-13C7-8484-4AC65E1B71E8}"
	ProjectSection(SolutionItems) = preProject
		.editorconfig = .editorconfig
		.gitignore = .gitignore
	EndProjectSection
EndProject
Project("{FAE04EC0-301F-11D3-BF4B-00C04F79EFBC}") = "RockPaperScissors", "RockPaperScissors\RockPaperScissors.csproj", "{0642BEA2-6A4A-A729-E277-726AB10C942F}"
EndProject
Project("{FAE04EC0-301F-11D3-BF4B-00C04F79EFBC}") = "RockPaperScissors.Tests", "RockPaperScissors.Test\RockPaperScissors.Tests.csproj", "{3C879230-AB97-F266-49A4-BC0CC34B193D}"
EndProject
Project("{FAE04EC0-301F-11D3-BF4B-00C04F79EFBC}") = "FizzBuzzer", "FizzBuzz\FizzBuzzer.csproj", "{E37883A4-C662-4BB2-91A8-077E2AAA2E4A}"
EndProject
Project("{FAE04EC0-301F-11D3-BF4B-00C04F79EFBC}") = "FizzBuzz.Tests", "FizzBuzz.Tests\FizzBuzz.Tests.csproj", "{81049AA2-411B-4CA6-A000-FBD0AF87EFFF}"
EndProject
Project("{FAE04EC0-301F-11D3-BF4B-00C04F79EFBC}") = "AgeCalculator", "AgeCalculator\AgeCalculator.csproj", "{518DB269-758E-49A2-BBC4-462EF6F6932D}"
EndProject
Project("{FAE04EC0-301F-11D3-BF4B-00C04F79EFBC}") = "AgeCalculator.Tests", "AgeCalculator.Tests\AgeCalculator.Tests.csproj", "{CA265F30-BF6C-44D7-9923-934964ED0C03}"
EndProject
Global
	GlobalSection(SolutionConfigurationPlatforms) = preSolution
		Debug|Any CPU = Debug|Any CPU
		Release|Any CPU = Release|Any CPU
	EndGlobalSection
	GlobalSection(ProjectConfigurationPlatforms) = postSolution
		{0642BEA2-6A4A-A729-E277-726AB10C942F}.Debug|Any CPU.ActiveCfg = Debug|Any CPU
		{0642BEA2-6A4A-A729-E277-726AB10C942F}.Debug|Any CPU.Build.0 = Debug|Any CPU
		{0642BEA2-6A4A-A729-E277-726AB10C942F}.Release|Any CPU.ActiveCfg = Release|Any CPU
		{0642BEA2-6A4A-A729-E277-726AB10C942F}.Release|Any CPU.Build.0 = Release|Any CPU
		{3C879230-AB97-F266-49A4-BC0CC34B193D}.Debug|Any CPU.ActiveCfg = Debug|Any CPU
		{3C879230-AB97-F266-49A4-BC0CC34B193D}.Debug|Any CPU.Build.0 = Debug|Any CPU
		{3C879230-AB97-F266-49A4-BC0CC34B193D}.Release|Any CPU.ActiveCfg = Release|Any CPU
		{3C879230-AB97-F266-49A4-BC0CC34B193D}.Release|Any CPU.Build.0 = Release|Any CPU
		{E37883A4-C662-4BB2-91A8-077E2AAA2E4A}.Debug|Any CPU.ActiveCfg = Debug|Any CPU
		{E37883A4-C662-4BB2-91A8-077E2AAA2E4A}.Debug|Any CPU.Build.0 = Debug|Any CPU
		{E37883A4-C662-4BB2-91A8-077E2AAA2E4A}.Release|Any CPU.ActiveCfg = Release|Any CPU
		{E37883A4-C662-4BB2-91A8-077E2AAA2E4A}.Release|Any CPU.Build.0 = Release|Any CPU
		{81049AA2-411B-4CA6-A000-FBD0AF87EFFF}.Debug|Any CPU.ActiveCfg = Debug|Any CPU
		{81049AA2-411B-4CA6-A000-FBD0AF87EFFF}.Debug|Any CPU.Build.0 = Debug|Any CPU
		{81049AA2-411B-4CA6-A000-FBD0AF87EFFF}.Release|Any CPU.ActiveCfg = Release|Any CPU
		{81049AA2-411B-4CA6-A000-FBD0AF87EFFF}.Release|Any CPU.Build.0 = Release|Any CPU
		{518DB269-758E-49A2-BBC4-462EF6F6932D}.Debug|Any CPU.ActiveCfg = Debug|Any CPU
		{518DB269-758E-49A2-BBC4-462EF6F6932D}.Debug|Any CPU.Build.0 = Debug|Any CPU
		{518DB269-758E-49A2-BBC4-462EF6F6932D}.Release|Any CPU.ActiveCfg = Release|Any CPU
		{518DB269-758E-49A2-BBC4-462EF6F6932D}.Release|Any CPU.Build.0 = Release|Any CPU
		{CA265F30-BF6C-44D7-9923-934964ED0C03}.Debug|Any CPU.ActiveCfg = Debug|Any CPU
		{CA265F30-BF6C-44D7-9923-934964ED0C03}.Debug|Any CPU.Build.0 = Debug|Any CPU
		{CA265F30-BF6C-44D7-9923-934964ED0C03}.Release|Any CPU.ActiveCfg = Release|Any CPU
		{CA265F30-BF6C-44D7-9923-934964ED0C03}.Release|Any CPU.Build.0 = Release|Any CPU
	EndGlobalSection
	GlobalSection(SolutionProperties) = preSolution
		HideSolutionNode = FALSE
	EndGlobalSection
	GlobalSection(ExtensibilityGlobals) = postSolution
		SolutionGuid = {339387DD-DFBB-4696-AA10-3B6964F6948F}
	EndGlobalSection
EndGlobal
